
Microsoft Visual Studio Solution File, Format Version 12.00
# Visual Studio Version 17
VisualStudioVersion = 17.5.33627.172
MinimumVisualStudioVersion = 10.0.40219.1
Project("{FAE04EC0-301F-11D3-BF4B-00C04F79EFBC}") = "homework-1", "homework-1.csproj", "{CD82C206-9E84-4E4F-AA70-CE6305D3198B}"
EndProject
Global
	GlobalSection(SolutionConfigurationPlatforms) = preSolution
		Debug|Any CPU = Debug|Any CPU
		Release|Any CPU = Release|Any CPU
	EndGlobalSection
	GlobalSection(ProjectConfigurationPlatforms) = postSolution
		{CD82C206-9E84-4E4F-AA70-CE6305D3198B}.Debug|Any CPU.ActiveCfg = Debug|Any CPU
		{CD82C206-9E84-4E4F-AA70-CE6305D3198B}.Debug|Any CPU.Build.0 = Debug|Any CPU
		{CD82C206-9E84-4E4F-AA70-CE6305D3198B}.Release|Any CPU.ActiveCfg = Release|Any CPU
		{CD82C206-9E84-4E4F-AA70-CE6305D3198B}.Release|Any CPU.Build.0 = Release|Any CPU
	EndGlobalSection
	GlobalSection(SolutionProperties) = preSolution
		HideSolutionNode = FALSE
	EndGlobalSection
	GlobalSection(ExtensibilityGlobals) = postSolution
		SolutionGuid = {056B83A1-D5BE-44FD-82B7-C08B14A410BE}
	EndGlobalSection
EndGlobal
